
Microsoft Visual Studio Solution File, Format Version 12.00
# Visual Studio Version 16
VisualStudioVersion = 16.0.32106.194
MinimumVisualStudioVersion = 10.0.40219.1
Project("{2150E333-8FDC-42A3-9474-1A3956D46DE8}") = "1 Presentation", "1 Presentation", "{EEFB8E29-5979-4EEA-A4A2-D7AB581556F5}"
EndProject
Project("{2150E333-8FDC-42A3-9474-1A3956D46DE8}") = "2 Application", "2 Application", "{CF018536-ED81-410F-BC7A-807600DA8EC3}"
EndProject
Project("{2150E333-8FDC-42A3-9474-1A3956D46DE8}") = "3 Domain", "3 Domain", "{60D88DFD-8E0C-4D46-972B-B3EC53E26BCF}"
EndProject
Project("{2150E333-8FDC-42A3-9474-1A3956D46DE8}") = "4 Infrastructure", "4 Infrastructure", "{5962DE89-A3CD-4049-A016-61921787B0FD}"
EndProject
Project("{2150E333-8FDC-42A3-9474-1A3956D46DE8}") = "4.1 Data", "4.1 Data", "{AF1710B9-2D55-4BA4-8B51-8FA2C48E90F0}"
EndProject
Project("{2150E333-8FDC-42A3-9474-1A3956D46DE8}") = "4.2 CrossCutting", "4.2 CrossCutting", "{B2B7DD23-7D11-4747-B2BA-E3A9EF9B7B0E}"
EndProject
Project("{9A19103F-16F7-4668-BE54-9A1E7A4F7556}") = "SaveCars.Domain", "SaveCars.Domain\SaveCars.Domain.csproj", "{1D9C202F-BFD4-43F3-8871-8EBE995D5F27}"
EndProject
Project("{9A19103F-16F7-4668-BE54-9A1E7A4F7556}") = "SaveCars.Business", "SaveCars.Business\SaveCars.Business.csproj", "{2C038843-17D7-4B19-8748-60100C7F6C54}"
EndProject
Project("{FAE04EC0-301F-11D3-BF4B-00C04F79EFBC}") = "SaveCars.Data", "SaveCars.Data\SaveCars.Data.csproj", "{AEE74C54-E17E-4644-BF52-40B31A1B8FD2}"
EndProject
Project("{FAE04EC0-301F-11D3-BF4B-00C04F79EFBC}") = "SaveCars.IoC", "SaveCars.IoC\SaveCars.IoC.csproj", "{9C8A78AD-B53F-429F-833F-BC88EB067C38}"
EndProject
Project("{FAE04EC0-301F-11D3-BF4B-00C04F79EFBC}") = "SaveCars.API", "SaveCars.API\SaveCars.API.csproj", "{CE49E88E-1790-4B18-9170-F78C59AE98D1}"
EndProject
Global
	GlobalSection(SolutionConfigurationPlatforms) = preSolution
		Debug|Any CPU = Debug|Any CPU
		Release|Any CPU = Release|Any CPU
	EndGlobalSection
	GlobalSection(ProjectConfigurationPlatforms) = postSolution
		{1D9C202F-BFD4-43F3-8871-8EBE995D5F27}.Debug|Any CPU.ActiveCfg = Debug|Any CPU
		{1D9C202F-BFD4-43F3-8871-8EBE995D5F27}.Debug|Any CPU.Build.0 = Debug|Any CPU
		{1D9C202F-BFD4-43F3-8871-8EBE995D5F27}.Release|Any CPU.ActiveCfg = Release|Any CPU
		{1D9C202F-BFD4-43F3-8871-8EBE995D5F27}.Release|Any CPU.Build.0 = Release|Any CPU
		{2C038843-17D7-4B19-8748-60100C7F6C54}.Debug|Any CPU.ActiveCfg = Debug|Any CPU
		{2C038843-17D7-4B19-8748-60100C7F6C54}.Debug|Any CPU.Build.0 = Debug|Any CPU
		{2C038843-17D7-4B19-8748-60100C7F6C54}.Release|Any CPU.ActiveCfg = Release|Any CPU
		{2C038843-17D7-4B19-8748-60100C7F6C54}.Release|Any CPU.Build.0 = Release|Any CPU
		{AEE74C54-E17E-4644-BF52-40B31A1B8FD2}.Debug|Any CPU.ActiveCfg = Debug|Any CPU
		{AEE74C54-E17E-4644-BF52-40B31A1B8FD2}.Debug|Any CPU.Build.0 = Debug|Any CPU
		{AEE74C54-E17E-4644-BF52-40B31A1B8FD2}.Release|Any CPU.ActiveCfg = Release|Any CPU
		{AEE74C54-E17E-4644-BF52-40B31A1B8FD2}.Release|Any CPU.Build.0 = Release|Any CPU
		{9C8A78AD-B53F-429F-833F-BC88EB067C38}.Debug|Any CPU.ActiveCfg = Debug|Any CPU
		{9C8A78AD-B53F-429F-833F-BC88EB067C38}.Debug|Any CPU.Build.0 = Debug|Any CPU
		{9C8A78AD-B53F-429F-833F-BC88EB067C38}.Release|Any CPU.ActiveCfg = Release|Any CPU
		{9C8A78AD-B53F-429F-833F-BC88EB067C38}.Release|Any CPU.Build.0 = Release|Any CPU
		{CE49E88E-1790-4B18-9170-F78C59AE98D1}.Debug|Any CPU.ActiveCfg = Debug|Any CPU
		{CE49E88E-1790-4B18-9170-F78C59AE98D1}.Debug|Any CPU.Build.0 = Debug|Any CPU
		{CE49E88E-1790-4B18-9170-F78C59AE98D1}.Release|Any CPU.ActiveCfg = Release|Any CPU
		{CE49E88E-1790-4B18-9170-F78C59AE98D1}.Release|Any CPU.Build.0 = Release|Any CPU
	EndGlobalSection
	GlobalSection(SolutionProperties) = preSolution
		HideSolutionNode = FALSE
	EndGlobalSection
	GlobalSection(NestedProjects) = preSolution
		{AF1710B9-2D55-4BA4-8B51-8FA2C48E90F0} = {5962DE89-A3CD-4049-A016-61921787B0FD}
		{B2B7DD23-7D11-4747-B2BA-E3A9EF9B7B0E} = {5962DE89-A3CD-4049-A016-61921787B0FD}
		{1D9C202F-BFD4-43F3-8871-8EBE995D5F27} = {60D88DFD-8E0C-4D46-972B-B3EC53E26BCF}
		{2C038843-17D7-4B19-8748-60100C7F6C54} = {60D88DFD-8E0C-4D46-972B-B3EC53E26BCF}
		{AEE74C54-E17E-4644-BF52-40B31A1B8FD2} = {AF1710B9-2D55-4BA4-8B51-8FA2C48E90F0}
		{9C8A78AD-B53F-429F-833F-BC88EB067C38} = {B2B7DD23-7D11-4747-B2BA-E3A9EF9B7B0E}
		{CE49E88E-1790-4B18-9170-F78C59AE98D1} = {EEFB8E29-5979-4EEA-A4A2-D7AB581556F5}
	EndGlobalSection
	GlobalSection(ExtensibilityGlobals) = postSolution
		SolutionGuid = {C8D0CCD0-5F5C-4E38-8238-DE7F88771AF2}
	EndGlobalSection
EndGlobal
